// !$*UTF8*$!
{
	archiveVersion = 1;
	classes = {
	};
	objectVersion = 50;
	objects = {

/* Begin PBXBuildFile section */
		189A6F2224DBA38600B97DFC /* AppDelegate.swift in Sources */ = {isa = PBXBuildFile; fileRef = 189A6F2124DBA38600B97DFC /* AppDelegate.swift */; };
		189A6F2424DBA38600B97DFC /* SceneDelegate.swift in Sources */ = {isa = PBXBuildFile; fileRef = 189A6F2324DBA38600B97DFC /* SceneDelegate.swift */; };
		189A6F2624DBA38600B97DFC /* ViewController.swift in Sources */ = {isa = PBXBuildFile; fileRef = 189A6F2524DBA38600B97DFC /* ViewController.swift */; };
		189A6F2924DBA38600B97DFC /* Main.storyboard in Resources */ = {isa = PBXBuildFile; fileRef = 189A6F2724DBA38600B97DFC /* Main.storyboard */; };
		189A6F2B24DBA38700B97DFC /* Assets.xcassets in Resources */ = {isa = PBXBuildFile; fileRef = 189A6F2A24DBA38700B97DFC /* Assets.xcassets */; };
		189A6F2E24DBA38700B97DFC /* LaunchScreen.storyboard in Resources */ = {isa = PBXBuildFile; fileRef = 189A6F2C24DBA38700B97DFC /* LaunchScreen.storyboard */; };
/* End PBXBuildFile section */

/* Begin PBXFileReference section */
		189A6F1E24DBA38600B97DFC /* miniProj.app */ = {isa = PBXFileReference; explicitFileType = wrapper.application; includeInIndex = 0; path = miniProj.app; sourceTree = BUILT_PRODUCTS_DIR; };
		189A6F2124DBA38600B97DFC /* AppDelegate.swift */ = {isa = PBXFileReference; lastKnownFileType = sourcecode.swift; path = AppDelegate.swift; sourceTree = "<group>"; };
		189A6F2324DBA38600B97DFC /* SceneDelegate.swift */ = {isa = PBXFileReference; lastKnownFileType = sourcecode.swift; path = SceneDelegate.swift; sourceTree = "<group>"; };
		189A6F2524DBA38600B97DFC /* ViewController.swift */ = {isa = PBXFileReference; lastKnownFileType = sourcecode.swift; path = ViewController.swift; sourceTree = "<group>"; };
		189A6F2824DBA38600B97DFC /* Base */ = {isa = PBXFileReference; lastKnownFileType = file.storyboard; name = Base; path = Base.lproj/Main.storyboard; sourceTree = "<group>"; };
		189A6F2A24DBA38700B97DFC /* Assets.xcassets */ = {isa = PBXFileReference; lastKnownFileType = folder.assetcatalog; path = Assets.xcassets; sourceTree = "<group>"; };
		189A6F2D24DBA38700B97DFC /* Base */ = {isa = PBXFileReference; lastKnownFileType = file.storyboard; name = Base; path = Base.lproj/LaunchScreen.storyboard; sourceTree = "<group>"; };
		189A6F2F24DBA38700B97DFC /* Info.plist */ = {isa = PBXFileReference; lastKnownFileType = text.plist.xml; path = Info.plist; sourceTree = "<group>"; };
/* End PBXFileReference section */

/* Begin PBXFrameworksBuildPhase section */
		189A6F1B24DBA38600B97DFC /* Frameworks */ = {
			isa = PBXFrameworksBuildPhase;
			buildActionMask = 2147483647;
			files = (
			);
			runOnlyForDeploymentPostprocessing = 0;
		};
/* End PBXFrameworksBuildPhase section */

/* Begin PBXGroup section */
		189A6F1524DBA38600B97DFC = {
			isa = PBXGroup;
			children = (
				189A6F2024DBA38600B97DFC /* miniProj */,
				189A6F1F24DBA38600B97DFC /* Products */,
			);
			sourceTree = "<group>";
		};
		189A6F1F24DBA38600B97DFC /* Products */ = {
			isa = PBXGroup;
			children = (
				189A6F1E24DBA38600B97DFC /* miniProj.app */,
			);
			name = Products;
			sourceTree = "<group>";
		};
		189A6F2024DBA38600B97DFC /* miniProj */ = {
			isa = PBXGroup;
			children = (
				189A6F2124DBA38600B97DFC /* AppDelegate.swift */,
				189A6F2324DBA38600B97DFC /* SceneDelegate.swift */,
				189A6F2524DBA38600B97DFC /* ViewController.swift */,
				189A6F2724DBA38600B97DFC /* Main.storyboard */,
				189A6F2A24DBA38700B97DFC /* Assets.xcassets */,
				189A6F2C24DBA38700B97DFC /* LaunchScreen.storyboard */,
				189A6F2F24DBA38700B97DFC /* Info.plist */,
			);
			path = miniProj;
			sourceTree = "<group>";
		};
/* End PBXGroup section */

/* Begin PBXNativeTarget section */
		189A6F1D24DBA38600B97DFC /* miniProj */ = {
			isa = PBXNativeTarget;
			buildConfigurationList = 189A6F3224DBA38700B97DFC /* Build configuration list for PBXNativeTarget "miniProj" */;
			buildPhases = (
				189A6F1A24DBA38600B97DFC /* Sources */,
				189A6F1B24DBA38600B97DFC /* Frameworks */,
				189A6F1C24DBA38600B97DFC /* Resources */,
			);
			buildRules = (
			);
			dependencies = (
			);
			name = miniProj;
			productName = miniProj;
			productReference = 189A6F1E24DBA38600B97DFC /* miniProj.app */;
			productType = "com.apple.product-type.application";
		};
/* End PBXNativeTarget section */

/* Begin PBXProject section */
		189A6F1624DBA38600B97DFC /* Project object */ = {
			isa = PBXProject;
			attributes = {
				LastSwiftUpdateCheck = 1150;
				LastUpgradeCheck = 1150;
				ORGANIZATIONNAME = "Ayesha Zaker";
				TargetAttributes = {
					189A6F1D24DBA38600B97DFC = {
						CreatedOnToolsVersion = 11.5;
					};
				};
			};
			buildConfigurationList = 189A6F1924DBA38600B97DFC /* Build configuration list for PBXProject "miniProj" */;
			compatibilityVersion = "Xcode 9.3";
			developmentRegion = en;
			hasScannedForEncodings = 0;
			knownRegions = (
				en,
				Base,
			);
			mainGroup = 189A6F1524DBA38600B97DFC;
			productRefGroup = 189A6F1F24DBA38600B97DFC /* Products */;
			projectDirPath = "";
			projectRoot = "";
			targets = (
				189A6F1D24DBA38600B97DFC /* miniProj */,
			);
		};
/* End PBXProject section */

/* Begin PBXResourcesBuildPhase section */
		189A6F1C24DBA38600B97DFC /* Resources */ = {
			isa = PBXResourcesBuildPhase;
			buildActionMask = 2147483647;
			files = (
				189A6F2E24DBA38700B97DFC /* LaunchScreen.storyboard in Resources */,
				189A6F2B24DBA38700B97DFC /* Assets.xcassets in Resources */,
				189A6F2924DBA38600B97DFC /* Main.storyboard in Resources */,
			);
			runOnlyForDeploymentPostprocessing = 0;
		};
/* End PBXResourcesBuildPhase section */

/* Begin PBXSourcesBuildPhase section */
		189A6F1A24DBA38600B97DFC /* Sources */ = {
			isa = PBXSourcesBuildPhase;
			buildActionMask = 2147483647;
			files = (
				189A6F2624DBA38600B97DFC /* ViewController.swift in Sources */,
				189A6F2224DBA38600B97DFC /* AppDelegate.swift in Sources */,
				189A6F2424DBA38600B97DFC /* SceneDelegate.swift in Sources */,
			);
			runOnlyForDeploymentPostprocessing = 0;
		};
/* End PBXSourcesBuildPhase section */

/* Begin PBXVariantGroup section */
		189A6F2724DBA38600B97DFC /* Main.storyboard */ = {
			isa = PBXVariantGroup;
			children = (
				189A6F2824DBA38600B97DFC /* Base */,
			);
			name = Main.storyboard;
			sourceTree = "<group>";
		};
		189A6F2C24DBA38700B97DFC /* LaunchScreen.storyboard */ = {
			isa = PBXVariantGroup;
			children = (
				189A6F2D24DBA38700B97DFC /* Base */,
			);
			name = LaunchScreen.storyboard;
			sourceTree = "<group>";
		};
/* End PBXVariantGroup section */

/* Begin XCBuildConfiguration section */
		189A6F3024DBA38700B97DFC /* Debug */ = {
			isa = XCBuildConfiguration;
			buildSettings = {
				ALWAYS_SEARCH_USER_PATHS = NO;
				CLANG_ANALYZER_NONNULL = YES;
				CLANG_ANALYZER_NUMBER_OBJECT_CONVERSION = YES_AGGRESSIVE;
				CLANG_CXX_LANGUAGE_STANDARD = "gnu++14";
				CLANG_CXX_LIBRARY = "libc++";
				CLANG_ENABLE_MODULES = YES;
				CLANG_ENABLE_OBJC_ARC = YES;
				CLANG_ENABLE_OBJC_WEAK = YES;
				CLANG_WARN_BLOCK_CAPTURE_AUTORELEASING = YES;
				CLANG_WARN_BOOL_CONVERSION = YES;
				CLANG_WARN_COMMA = YES;
				CLANG_WARN_CONSTANT_CONVERSION = YES;
				CLANG_WARN_DEPRECATED_OBJC_IMPLEMENTATIONS = YES;
				CLANG_WARN_DIRECT_OBJC_ISA_USAGE = YES_ERROR;
				CLANG_WARN_DOCUMENTATION_COMMENTS = YES;
				CLANG_WARN_EMPTY_BODY = YES;
				CLANG_WARN_ENUM_CONVERSION = YES;
				CLANG_WARN_INFINITE_RECURSION = YES;
				CLANG_WARN_INT_CONVERSION = YES;
				CLANG_WARN_NON_LITERAL_NULL_CONVERSION = YES;
				CLANG_WARN_OBJC_IMPLICIT_RETAIN_SELF = YES;
				CLANG_WARN_OBJC_LITERAL_CONVERSION = YES;
				CLANG_WARN_OBJC_ROOT_CLASS = YES_ERROR;
				CLANG_WARN_RANGE_LOOP_ANALYSIS = YES;
				CLANG_WARN_STRICT_PROTOTYPES = YES;
				CLANG_WARN_SUSPICIOUS_MOVE = YES;
				CLANG_WARN_UNGUARDED_AVAILABILITY = YES_AGGRESSIVE;
				CLANG_WARN_UNREACHABLE_CODE = YES;
				CLANG_WARN__DUPLICATE_METHOD_MATCH = YES;
				COPY_PHASE_STRIP = NO;
				DEBUG_INFORMATION_FORMAT = dwarf;
				ENABLE_STRICT_OBJC_MSGSEND = YES;
				ENABLE_TESTABILITY = YES;
				GCC_C_LANGUAGE_STANDARD = gnu11;
				GCC_DYNAMIC_NO_PIC = NO;
				GCC_NO_COMMON_BLOCKS = YES;
				GCC_OPTIMIZATION_LEVEL = 0;
				GCC_PREPROCESSOR_DEFINITIONS = (
					"DEBUG=1",
					"$(inherited)",
				);
				GCC_WARN_64_TO_32_BIT_CONVERSION = YES;
				GCC_WARN_ABOUT_RETURN_TYPE = YES_ERROR;
				GCC_WARN_UNDECLARED_SELECTOR = YES;
				GCC_WARN_UNINITIALIZED_AUTOS = YES_AGGRESSIVE;
				GCC_WARN_UNUSED_FUNCTION = YES;
				GCC_WARN_UNUSED_VARIABLE = YES;
				IPHONEOS_DEPLOYMENT_TARGET = 13.5;
				MTL_ENABLE_DEBUG_INFO = INCLUDE_SOURCE;
				MTL_FAST_MATH = YES;
				ONLY_ACTIVE_ARCH = YES;
				SDKROOT = iphoneos;
				SWIFT_ACTIVE_COMPILATION_CONDITIONS = DEBUG;
				SWIFT_OPTIMIZATION_LEVEL = "-Onone";
			};
			name = Debug;
		};
		189A6F3124DBA38700B97DFC /* Release */ = {
			isa = XCBuildConfiguration;
			buildSettings = {
				ALWAYS_SEARCH_USER_PATHS = NO;
				CLANG_ANALYZER_NONNULL = YES;
				CLANG_ANALYZER_NUMBER_OBJECT_CONVERSION = YES_AGGRESSIVE;
				CLANG_CXX_LANGUAGE_STANDARD = "gnu++14";
				CLANG_CXX_LIBRARY = "libc++";
				CLANG_ENABLE_MODULES = YES;
				CLANG_ENABLE_OBJC_ARC = YES;
				CLANG_ENABLE_OBJC_WEAK = YES;
				CLANG_WARN_BLOCK_CAPTURE_AUTORELEASING = YES;
				CLANG_WARN_BOOL_CONVERSION = YES;
				CLANG_WARN_COMMA = YES;
				CLANG_WARN_CONSTANT_CONVERSION = YES;
				CLANG_WARN_DEPRECATED_OBJC_IMPLEMENTATIONS = YES;
				CLANG_WARN_DIRECT_OBJC_ISA_USAGE = YES_ERROR;
				CLANG_WARN_DOCUMENTATION_COMMENTS = YES;
				CLANG_WARN_EMPTY_BODY = YES;
				CLANG_WARN_ENUM_CONVERSION = YES;
				CLANG_WARN_INFINITE_RECURSION = YES;
				CLANG_WARN_INT_CONVERSION = YES;
				CLANG_WARN_NON_LITERAL_NULL_CONVERSION = YES;
				CLANG_WARN_OBJC_IMPLICIT_RETAIN_SELF = YES;
				CLANG_WARN_OBJC_LITERAL_CONVERSION = YES;
				CLANG_WARN_OBJC_ROOT_CLASS = YES_ERROR;
				CLANG_WARN_RANGE_LOOP_ANALYSIS = YES;
				CLANG_WARN_STRICT_PROTOTYPES = YES;
				CLANG_WARN_SUSPICIOUS_MOVE = YES;
				CLANG_WARN_UNGUARDED_AVAILABILITY = YES_AGGRESSIVE;
				CLANG_WARN_UNREACHABLE_CODE = YES;
				CLANG_WARN__DUPLICATE_METHOD_MATCH = YES;
				COPY_PHASE_STRIP = NO;
				DEBUG_INFORMATION_FORMAT = "dwarf-with-dsym";
				ENABLE_NS_ASSERTIONS = NO;
				ENABLE_STRICT_OBJC_MSGSEND = YES;
				GCC_C_LANGUAGE_STANDARD = gnu11;
				GCC_NO_COMMON_BLOCKS = YES;
				GCC_WARN_64_TO_32_BIT_CONVERSION = YES;
				GCC_WARN_ABOUT_RETURN_TYPE = YES_ERROR;
				GCC_WARN_UNDECLARED_SELECTOR = YES;
				GCC_WARN_UNINITIALIZED_AUTOS = YES_AGGRESSIVE;
				GCC_WARN_UNUSED_FUNCTION = YES;
				GCC_WARN_UNUSED_VARIABLE = YES;
				IPHONEOS_DEPLOYMENT_TARGET = 13.5;
				MTL_ENABLE_DEBUG_INFO = NO;
				MTL_FAST_MATH = YES;
				SDKROOT = iphoneos;
				SWIFT_COMPILATION_MODE = wholemodule;
				SWIFT_OPTIMIZATION_LEVEL = "-O";
				VALIDATE_PRODUCT = YES;
			};
			name = Release;
		};
		189A6F3324DBA38700B97DFC /* Debug */ = {
			isa = XCBuildConfiguration;
			buildSettings = {
				ASSETCATALOG_COMPILER_APPICON_NAME = AppIcon;
				CODE_SIGN_STYLE = Automatic;
				DEVELOPMENT_TEAM = GJ8C93V47X;
				INFOPLIST_FILE = miniProj/Info.plist;
				LD_RUNPATH_SEARCH_PATHS = (
					"$(inherited)",
					"@executable_path/Frameworks",
				);
				PRODUCT_BUNDLE_IDENTIFIER = KWK.miniProj;
				PRODUCT_NAME = "$(TARGET_NAME)";
				SWIFT_VERSION = 5.0;
				TARGETED_DEVICE_FAMILY = "1,2";
			};
			name = Debug;
		};
		189A6F3424DBA38700B97DFC /* Release */ = {
			isa = XCBuildConfiguration;
			buildSettings = {
				ASSETCATALOG_COMPILER_APPICON_NAME = AppIcon;
				CODE_SIGN_STYLE = Automatic;
				DEVELOPMENT_TEAM = GJ8C93V47X;
				INFOPLIST_FILE = miniProj/Info.plist;
				LD_RUNPATH_SEARCH_PATHS = (
					"$(inherited)",
					"@executable_path/Frameworks",
				);
				PRODUCT_BUNDLE_IDENTIFIER = KWK.miniProj;
				PRODUCT_NAME = "$(TARGET_NAME)";
				SWIFT_VERSION = 5.0;
				TARGETED_DEVICE_FAMILY = "1,2";
			};
			name = Release;
		};
/* End XCBuildConfiguration section */

/* Begin XCConfigurationList section */
		189A6F1924DBA38600B97DFC /* Build configuration list for PBXProject "miniProj" */ = {
			isa = XCConfigurationList;
			buildConfigurations = (
				189A6F3024DBA38700B97DFC /* Debug */,
				189A6F3124DBA38700B97DFC /* Release */,
			);
			defaultConfigurationIsVisible = 0;
			defaultConfigurationName = Release;
		};
		189A6F3224DBA38700B97DFC /* Build configuration list for PBXNativeTarget "miniProj" */ = {
			isa = XCConfigurationList;
			buildConfigurations = (
				189A6F3324DBA38700B97DFC /* Debug */,
				189A6F3424DBA38700B97DFC /* Release */,
			);
			defaultConfigurationIsVisible = 0;
			defaultConfigurationName = Release;
		};
/* End XCConfigurationList section */
	};
	rootObject = 189A6F1624DBA38600B97DFC /* Project object */;
}
